
Microsoft Visual Studio Solution File, Format Version 12.00
# Visual Studio Version 17
VisualStudioVersion = 17.14.36518.9 d17.14
MinimumVisualStudioVersion = 10.0.40219.1
Project("{FAE04EC0-301F-11D3-BF4B-00C04F79EFBC}") = "CIPclient", "CIPclient\CIPclient.csproj", "{73392E97-D970-4DDE-B5FB-EEC5D67641DD}"
EndProject
Global
	GlobalSection(SolutionConfigurationPlatforms) = preSolution
		Debug|Any CPU = Debug|Any CPU
		Release|Any CPU = Release|Any CPU
	EndGlobalSection
	GlobalSection(ProjectConfigurationPlatforms) = postSolution
		{73392E97-D970-4DDE-B5FB-EEC5D67641DD}.Debug|Any CPU.ActiveCfg = Debug|Any CPU
		{73392E97-D970-4DDE-B5FB-EEC5D67641DD}.Debug|Any CPU.Build.0 = Debug|Any CPU
		{73392E97-D970-4DDE-B5FB-EEC5D67641DD}.Release|Any CPU.ActiveCfg = Release|Any CPU
		{73392E97-D970-4DDE-B5FB-EEC5D67641DD}.Release|Any CPU.Build.0 = Release|Any CPU
	EndGlobalSection
	GlobalSection(SolutionProperties) = preSolution
		HideSolutionNode = FALSE
	EndGlobalSection
	GlobalSection(ExtensibilityGlobals) = postSolution
		SolutionGuid = {6401D215-DF7A-47C0-B3A1-75C64C7CA852}
	EndGlobalSection
EndGlobal
